// !$*UTF8*$!
{
	archiveVersion = 1;
	classes = {
	};
	objectVersion = 56;
	objects = {

/* Begin PBXBuildFile section */
		46F432B52C5AB77E00C58890 /* QuizMainPage.swift in Sources */ = {isa = PBXBuildFile; fileRef = 46F432B42C5AB77D00C58890 /* QuizMainPage.swift */; };
		46F432B72C5AB7AB00C58890 /* UserMood.swift in Sources */ = {isa = PBXBuildFile; fileRef = 46F432B62C5AB7AB00C58890 /* UserMood.swift */; };
		46F432B92C5AB7F100C58890 /* MoodHappy.swift in Sources */ = {isa = PBXBuildFile; fileRef = 46F432B82C5AB7F100C58890 /* MoodHappy.swift */; };
		46F432BB2C5AB81300C58890 /* HappyEnergized.swift in Sources */ = {isa = PBXBuildFile; fileRef = 46F432BA2C5AB81300C58890 /* HappyEnergized.swift */; };
		46F432BD2C5AB84800C58890 /* EnergizedPop.swift in Sources */ = {isa = PBXBuildFile; fileRef = 46F432BC2C5AB84800C58890 /* EnergizedPop.swift */; };
		46F432BF2C5AB87B00C58890 /* EnergizedRap.swift in Sources */ = {isa = PBXBuildFile; fileRef = 46F432BE2C5AB87B00C58890 /* EnergizedRap.swift */; };
		46F432C12C5AB8A700C58890 /* HappyRelaxed.swift in Sources */ = {isa = PBXBuildFile; fileRef = 46F432C02C5AB8A700C58890 /* HappyRelaxed.swift */; };
		46F432C32C5AB8CA00C58890 /* RelaxedInstrumental.swift in Sources */ = {isa = PBXBuildFile; fileRef = 46F432C22C5AB8CA00C58890 /* RelaxedInstrumental.swift */; };
		46F432C52C5AB8EE00C58890 /* RelaxedSinging.swift in Sources */ = {isa = PBXBuildFile; fileRef = 46F432C42C5AB8EE00C58890 /* RelaxedSinging.swift */; };
		46F432C72C5AB90F00C58890 /* MoodSad.swift in Sources */ = {isa = PBXBuildFile; fileRef = 46F432C62C5AB90F00C58890 /* MoodSad.swift */; };
		46F432C92C5AB92F00C58890 /* SadDepressed.swift in Sources */ = {isa = PBXBuildFile; fileRef = 46F432C82C5AB92F00C58890 /* SadDepressed.swift */; };
		46F432CB2C5AB95600C58890 /* DepressedSoft.swift in Sources */ = {isa = PBXBuildFile; fileRef = 46F432CA2C5AB95600C58890 /* DepressedSoft.swift */; };
		46F432CD2C5AB97300C58890 /* DepressedHeavy.swift in Sources */ = {isa = PBXBuildFile; fileRef = 46F432CC2C5AB97300C58890 /* DepressedHeavy.swift */; };
		46F432CF2C5AB9B000C58890 /* SadReflective.swift in Sources */ = {isa = PBXBuildFile; fileRef = 46F432CE2C5AB9B000C58890 /* SadReflective.swift */; };
		46F432D12C5AB9EB00C58890 /* ReflectiveIndie.swift in Sources */ = {isa = PBXBuildFile; fileRef = 46F432D02C5AB9EB00C58890 /* ReflectiveIndie.swift */; };
		46F432D32C5ABA1700C58890 /* ReflectiveClassical.swift in Sources */ = {isa = PBXBuildFile; fileRef = 46F432D22C5ABA1700C58890 /* ReflectiveClassical.swift */; };
		46F432D52C5ABA4700C58890 /* MoodAngry.swift in Sources */ = {isa = PBXBuildFile; fileRef = 46F432D42C5ABA4700C58890 /* MoodAngry.swift */; };
		46F432D72C5ABA6800C58890 /* AngryIntense.swift in Sources */ = {isa = PBXBuildFile; fileRef = 46F432D62C5ABA6800C58890 /* AngryIntense.swift */; };
		46F432D92C5ABA8600C58890 /* IntenseMetal.swift in Sources */ = {isa = PBXBuildFile; fileRef = 46F432D82C5ABA8500C58890 /* IntenseMetal.swift */; };
		46F432DB2C5ABAAF00C58890 /* IntensePunk.swift in Sources */ = {isa = PBXBuildFile; fileRef = 46F432DA2C5ABAAF00C58890 /* IntensePunk.swift */; };
		46F432DD2C5ABB5600C58890 /* AngryAggressive.swift in Sources */ = {isa = PBXBuildFile; fileRef = 46F432DC2C5ABB5600C58890 /* AngryAggressive.swift */; };
		46F432DF2C5ABB7400C58890 /* AggressiveRap.swift in Sources */ = {isa = PBXBuildFile; fileRef = 46F432DE2C5ABB7400C58890 /* AggressiveRap.swift */; };
		46F432E12C5ABB9900C58890 /* AggressiveMetal.swift in Sources */ = {isa = PBXBuildFile; fileRef = 46F432E02C5ABB9900C58890 /* AggressiveMetal.swift */; };
		46F432E32C5ABBD800C58890 /* MoodEnergetic.swift in Sources */ = {isa = PBXBuildFile; fileRef = 46F432E22C5ABBD800C58890 /* MoodEnergetic.swift */; };
		46F432E52C5ABBF700C58890 /* EnergeticProductive.swift in Sources */ = {isa = PBXBuildFile; fileRef = 46F432E42C5ABBF700C58890 /* EnergeticProductive.swift */; };
		46F432E72C5ABC1E00C58890 /* ProductiveStudying.swift in Sources */ = {isa = PBXBuildFile; fileRef = 46F432E62C5ABC1E00C58890 /* ProductiveStudying.swift */; };
		46F432E92C5ABC4400C58890 /* ProductiveExercising.swift in Sources */ = {isa = PBXBuildFile; fileRef = 46F432E82C5ABC4400C58890 /* ProductiveExercising.swift */; };
		46F432EB2C5ABC6E00C58890 /* EnergeticPlayful.swift in Sources */ = {isa = PBXBuildFile; fileRef = 46F432EA2C5ABC6E00C58890 /* EnergeticPlayful.swift */; };
		46F432ED2C5ABC8D00C58890 /* PlayfulSocializing.swift in Sources */ = {isa = PBXBuildFile; fileRef = 46F432EC2C5ABC8D00C58890 /* PlayfulSocializing.swift */; };
		46F432EF2C5ABCB200C58890 /* PlayfulTraveling.swift in Sources */ = {isa = PBXBuildFile; fileRef = 46F432EE2C5ABCB200C58890 /* PlayfulTraveling.swift */; };
		A6489AC92C54138800A463B2 /* finalProjectApp.swift in Sources */ = {isa = PBXBuildFile; fileRef = A6489AC82C54138800A463B2 /* finalProjectApp.swift */; };
		A6489ACB2C54138800A463B2 /* ContentView.swift in Sources */ = {isa = PBXBuildFile; fileRef = A6489ACA2C54138800A463B2 /* ContentView.swift */; };
		A6489ACD2C54138900A463B2 /* Assets.xcassets in Resources */ = {isa = PBXBuildFile; fileRef = A6489ACC2C54138900A463B2 /* Assets.xcassets */; };
		A6489AD02C54138900A463B2 /* Preview Assets.xcassets in Resources */ = {isa = PBXBuildFile; fileRef = A6489ACF2C54138900A463B2 /* Preview Assets.xcassets */; };
/* End PBXBuildFile section */

/* Begin PBXFileReference section */
		46F432B42C5AB77D00C58890 /* QuizMainPage.swift */ = {isa = PBXFileReference; lastKnownFileType = sourcecode.swift; path = QuizMainPage.swift; sourceTree = "<group>"; };
		46F432B62C5AB7AB00C58890 /* UserMood.swift */ = {isa = PBXFileReference; lastKnownFileType = sourcecode.swift; path = UserMood.swift; sourceTree = "<group>"; };
		46F432B82C5AB7F100C58890 /* MoodHappy.swift */ = {isa = PBXFileReference; lastKnownFileType = sourcecode.swift; path = MoodHappy.swift; sourceTree = "<group>"; };
		46F432BA2C5AB81300C58890 /* HappyEnergized.swift */ = {isa = PBXFileReference; lastKnownFileType = sourcecode.swift; path = HappyEnergized.swift; sourceTree = "<group>"; };
		46F432BC2C5AB84800C58890 /* EnergizedPop.swift */ = {isa = PBXFileReference; lastKnownFileType = sourcecode.swift; path = EnergizedPop.swift; sourceTree = "<group>"; };
		46F432BE2C5AB87B00C58890 /* EnergizedRap.swift */ = {isa = PBXFileReference; lastKnownFileType = sourcecode.swift; path = EnergizedRap.swift; sourceTree = "<group>"; };
		46F432C02C5AB8A700C58890 /* HappyRelaxed.swift */ = {isa = PBXFileReference; lastKnownFileType = sourcecode.swift; path = HappyRelaxed.swift; sourceTree = "<group>"; };
		46F432C22C5AB8CA00C58890 /* RelaxedInstrumental.swift */ = {isa = PBXFileReference; lastKnownFileType = sourcecode.swift; path = RelaxedInstrumental.swift; sourceTree = "<group>"; };
		46F432C42C5AB8EE00C58890 /* RelaxedSinging.swift */ = {isa = PBXFileReference; lastKnownFileType = sourcecode.swift; path = RelaxedSinging.swift; sourceTree = "<group>"; };
		46F432C62C5AB90F00C58890 /* MoodSad.swift */ = {isa = PBXFileReference; lastKnownFileType = sourcecode.swift; path = MoodSad.swift; sourceTree = "<group>"; };
		46F432C82C5AB92F00C58890 /* SadDepressed.swift */ = {isa = PBXFileReference; lastKnownFileType = sourcecode.swift; path = SadDepressed.swift; sourceTree = "<group>"; };
		46F432CA2C5AB95600C58890 /* DepressedSoft.swift */ = {isa = PBXFileReference; lastKnownFileType = sourcecode.swift; path = DepressedSoft.swift; sourceTree = "<group>"; };
		46F432CC2C5AB97300C58890 /* DepressedHeavy.swift */ = {isa = PBXFileReference; lastKnownFileType = sourcecode.swift; path = DepressedHeavy.swift; sourceTree = "<group>"; };
		46F432CE2C5AB9B000C58890 /* SadReflective.swift */ = {isa = PBXFileReference; lastKnownFileType = sourcecode.swift; path = SadReflective.swift; sourceTree = "<group>"; };
		46F432D02C5AB9EB00C58890 /* ReflectiveIndie.swift */ = {isa = PBXFileReference; lastKnownFileType = sourcecode.swift; path = ReflectiveIndie.swift; sourceTree = "<group>"; };
		46F432D22C5ABA1700C58890 /* ReflectiveClassical.swift */ = {isa = PBXFileReference; lastKnownFileType = sourcecode.swift; path = ReflectiveClassical.swift; sourceTree = "<group>"; };
		46F432D42C5ABA4700C58890 /* MoodAngry.swift */ = {isa = PBXFileReference; lastKnownFileType = sourcecode.swift; path = MoodAngry.swift; sourceTree = "<group>"; };
		46F432D62C5ABA6800C58890 /* AngryIntense.swift */ = {isa = PBXFileReference; lastKnownFileType = sourcecode.swift; path = AngryIntense.swift; sourceTree = "<group>"; };
		46F432D82C5ABA8500C58890 /* IntenseMetal.swift */ = {isa = PBXFileReference; lastKnownFileType = sourcecode.swift; path = IntenseMetal.swift; sourceTree = "<group>"; };
		46F432DA2C5ABAAF00C58890 /* IntensePunk.swift */ = {isa = PBXFileReference; lastKnownFileType = sourcecode.swift; path = IntensePunk.swift; sourceTree = "<group>"; };
		46F432DC2C5ABB5600C58890 /* AngryAggressive.swift */ = {isa = PBXFileReference; lastKnownFileType = sourcecode.swift; path = AngryAggressive.swift; sourceTree = "<group>"; };
		46F432DE2C5ABB7400C58890 /* AggressiveRap.swift */ = {isa = PBXFileReference; lastKnownFileType = sourcecode.swift; path = AggressiveRap.swift; sourceTree = "<group>"; };
		46F432E02C5ABB9900C58890 /* AggressiveMetal.swift */ = {isa = PBXFileReference; lastKnownFileType = sourcecode.swift; path = AggressiveMetal.swift; sourceTree = "<group>"; };
		46F432E22C5ABBD800C58890 /* MoodEnergetic.swift */ = {isa = PBXFileReference; lastKnownFileType = sourcecode.swift; path = MoodEnergetic.swift; sourceTree = "<group>"; };
		46F432E42C5ABBF700C58890 /* EnergeticProductive.swift */ = {isa = PBXFileReference; lastKnownFileType = sourcecode.swift; path = EnergeticProductive.swift; sourceTree = "<group>"; };
		46F432E62C5ABC1E00C58890 /* ProductiveStudying.swift */ = {isa = PBXFileReference; lastKnownFileType = sourcecode.swift; path = ProductiveStudying.swift; sourceTree = "<group>"; };
		46F432E82C5ABC4400C58890 /* ProductiveExercising.swift */ = {isa = PBXFileReference; lastKnownFileType = sourcecode.swift; path = ProductiveExercising.swift; sourceTree = "<group>"; };
		46F432EA2C5ABC6E00C58890 /* EnergeticPlayful.swift */ = {isa = PBXFileReference; lastKnownFileType = sourcecode.swift; path = EnergeticPlayful.swift; sourceTree = "<group>"; };
		46F432EC2C5ABC8D00C58890 /* PlayfulSocializing.swift */ = {isa = PBXFileReference; lastKnownFileType = sourcecode.swift; path = PlayfulSocializing.swift; sourceTree = "<group>"; };
		46F432EE2C5ABCB200C58890 /* PlayfulTraveling.swift */ = {isa = PBXFileReference; lastKnownFileType = sourcecode.swift; path = PlayfulTraveling.swift; sourceTree = "<group>"; };
		A6489AC52C54138800A463B2 /* finalProject.app */ = {isa = PBXFileReference; explicitFileType = wrapper.application; includeInIndex = 0; path = finalProject.app; sourceTree = BUILT_PRODUCTS_DIR; };
		A6489AC82C54138800A463B2 /* finalProjectApp.swift */ = {isa = PBXFileReference; lastKnownFileType = sourcecode.swift; path = finalProjectApp.swift; sourceTree = "<group>"; };
		A6489ACA2C54138800A463B2 /* ContentView.swift */ = {isa = PBXFileReference; lastKnownFileType = sourcecode.swift; path = ContentView.swift; sourceTree = "<group>"; };
		A6489ACC2C54138900A463B2 /* Assets.xcassets */ = {isa = PBXFileReference; lastKnownFileType = folder.assetcatalog; path = Assets.xcassets; sourceTree = "<group>"; };
		A6489ACF2C54138900A463B2 /* Preview Assets.xcassets */ = {isa = PBXFileReference; lastKnownFileType = folder.assetcatalog; path = "Preview Assets.xcassets"; sourceTree = "<group>"; };
/* End PBXFileReference section */

/* Begin PBXFrameworksBuildPhase section */
		A6489AC22C54138800A463B2 /* Frameworks */ = {
			isa = PBXFrameworksBuildPhase;
			buildActionMask = 2147483647;
			files = (
			);
			runOnlyForDeploymentPostprocessing = 0;
		};
/* End PBXFrameworksBuildPhase section */

/* Begin PBXGroup section */
		A6489ABC2C54138800A463B2 = {
			isa = PBXGroup;
			children = (
				A6489AC72C54138800A463B2 /* finalProject */,
				A6489AC62C54138800A463B2 /* Products */,
			);
			sourceTree = "<group>";
		};
		A6489AC62C54138800A463B2 /* Products */ = {
			isa = PBXGroup;
			children = (
				A6489AC52C54138800A463B2 /* finalProject.app */,
			);
			name = Products;
			sourceTree = "<group>";
		};
		A6489AC72C54138800A463B2 /* finalProject */ = {
			isa = PBXGroup;
			children = (
				A6489AC82C54138800A463B2 /* finalProjectApp.swift */,
				A6489ACA2C54138800A463B2 /* ContentView.swift */,
				46F432B42C5AB77D00C58890 /* QuizMainPage.swift */,
				46F432B62C5AB7AB00C58890 /* UserMood.swift */,
				46F432B82C5AB7F100C58890 /* MoodHappy.swift */,
				46F432BA2C5AB81300C58890 /* HappyEnergized.swift */,
				46F432BC2C5AB84800C58890 /* EnergizedPop.swift */,
				46F432BE2C5AB87B00C58890 /* EnergizedRap.swift */,
				46F432C02C5AB8A700C58890 /* HappyRelaxed.swift */,
				46F432C22C5AB8CA00C58890 /* RelaxedInstrumental.swift */,
				46F432C42C5AB8EE00C58890 /* RelaxedSinging.swift */,
				46F432C62C5AB90F00C58890 /* MoodSad.swift */,
				46F432C82C5AB92F00C58890 /* SadDepressed.swift */,
				46F432CA2C5AB95600C58890 /* DepressedSoft.swift */,
				46F432CC2C5AB97300C58890 /* DepressedHeavy.swift */,
				46F432CE2C5AB9B000C58890 /* SadReflective.swift */,
				46F432D02C5AB9EB00C58890 /* ReflectiveIndie.swift */,
				46F432D22C5ABA1700C58890 /* ReflectiveClassical.swift */,
				46F432D42C5ABA4700C58890 /* MoodAngry.swift */,
				46F432D62C5ABA6800C58890 /* AngryIntense.swift */,
				46F432D82C5ABA8500C58890 /* IntenseMetal.swift */,
				46F432DA2C5ABAAF00C58890 /* IntensePunk.swift */,
				46F432DC2C5ABB5600C58890 /* AngryAggressive.swift */,
				46F432DE2C5ABB7400C58890 /* AggressiveRap.swift */,
				46F432E02C5ABB9900C58890 /* AggressiveMetal.swift */,
				46F432E22C5ABBD800C58890 /* MoodEnergetic.swift */,
				46F432E42C5ABBF700C58890 /* EnergeticProductive.swift */,
				46F432E62C5ABC1E00C58890 /* ProductiveStudying.swift */,
				46F432E82C5ABC4400C58890 /* ProductiveExercising.swift */,
				46F432EA2C5ABC6E00C58890 /* EnergeticPlayful.swift */,
				46F432EC2C5ABC8D00C58890 /* PlayfulSocializing.swift */,
				46F432EE2C5ABCB200C58890 /* PlayfulTraveling.swift */,
				A6489ACC2C54138900A463B2 /* Assets.xcassets */,
				A6489ACE2C54138900A463B2 /* Preview Content */,
			);
			path = finalProject;
			sourceTree = "<group>";
		};
		A6489ACE2C54138900A463B2 /* Preview Content */ = {
			isa = PBXGroup;
			children = (
				A6489ACF2C54138900A463B2 /* Preview Assets.xcassets */,
			);
			path = "Preview Content";
			sourceTree = "<group>";
		};
/* End PBXGroup section */

/* Begin PBXNativeTarget section */
		A6489AC42C54138800A463B2 /* finalProject */ = {
			isa = PBXNativeTarget;
			buildConfigurationList = A6489AD32C54138900A463B2 /* Build configuration list for PBXNativeTarget "finalProject" */;
			buildPhases = (
				A6489AC12C54138800A463B2 /* Sources */,
				A6489AC22C54138800A463B2 /* Frameworks */,
				A6489AC32C54138800A463B2 /* Resources */,
			);
			buildRules = (
			);
			dependencies = (
			);
			name = finalProject;
			productName = finalProject;
			productReference = A6489AC52C54138800A463B2 /* finalProject.app */;
			productType = "com.apple.product-type.application";
		};
/* End PBXNativeTarget section */

/* Begin PBXProject section */
		A6489ABD2C54138800A463B2 /* Project object */ = {
			isa = PBXProject;
			attributes = {
				BuildIndependentTargetsInParallel = 1;
				LastSwiftUpdateCheck = 1540;
				LastUpgradeCheck = 1540;
				TargetAttributes = {
					A6489AC42C54138800A463B2 = {
						CreatedOnToolsVersion = 15.4;
					};
				};
			};
			buildConfigurationList = A6489AC02C54138800A463B2 /* Build configuration list for PBXProject "finalProject" */;
			compatibilityVersion = "Xcode 14.0";
			developmentRegion = en;
			hasScannedForEncodings = 0;
			knownRegions = (
				en,
				Base,
			);
			mainGroup = A6489ABC2C54138800A463B2;
			productRefGroup = A6489AC62C54138800A463B2 /* Products */;
			projectDirPath = "";
			projectRoot = "";
			targets = (
				A6489AC42C54138800A463B2 /* finalProject */,
			);
		};
/* End PBXProject section */

/* Begin PBXResourcesBuildPhase section */
		A6489AC32C54138800A463B2 /* Resources */ = {
			isa = PBXResourcesBuildPhase;
			buildActionMask = 2147483647;
			files = (
				A6489AD02C54138900A463B2 /* Preview Assets.xcassets in Resources */,
				A6489ACD2C54138900A463B2 /* Assets.xcassets in Resources */,
			);
			runOnlyForDeploymentPostprocessing = 0;
		};
/* End PBXResourcesBuildPhase section */

/* Begin PBXSourcesBuildPhase section */
		A6489AC12C54138800A463B2 /* Sources */ = {
			isa = PBXSourcesBuildPhase;
			buildActionMask = 2147483647;
			files = (
				46F432EB2C5ABC6E00C58890 /* EnergeticPlayful.swift in Sources */,
				46F432D12C5AB9EB00C58890 /* ReflectiveIndie.swift in Sources */,
				46F432E32C5ABBD800C58890 /* MoodEnergetic.swift in Sources */,
				46F432B52C5AB77E00C58890 /* QuizMainPage.swift in Sources */,
				46F432DB2C5ABAAF00C58890 /* IntensePunk.swift in Sources */,
				46F432E12C5ABB9900C58890 /* AggressiveMetal.swift in Sources */,
				A6489ACB2C54138800A463B2 /* ContentView.swift in Sources */,
				46F432D52C5ABA4700C58890 /* MoodAngry.swift in Sources */,
				46F432D92C5ABA8600C58890 /* IntenseMetal.swift in Sources */,
				46F432BB2C5AB81300C58890 /* HappyEnergized.swift in Sources */,
				46F432DD2C5ABB5600C58890 /* AngryAggressive.swift in Sources */,
				A6489AC92C54138800A463B2 /* finalProjectApp.swift in Sources */,
				46F432C52C5AB8EE00C58890 /* RelaxedSinging.swift in Sources */,
				46F432D32C5ABA1700C58890 /* ReflectiveClassical.swift in Sources */,
				46F432E92C5ABC4400C58890 /* ProductiveExercising.swift in Sources */,
				46F432C12C5AB8A700C58890 /* HappyRelaxed.swift in Sources */,
				46F432CD2C5AB97300C58890 /* DepressedHeavy.swift in Sources */,
				46F432C32C5AB8CA00C58890 /* RelaxedInstrumental.swift in Sources */,
				46F432C72C5AB90F00C58890 /* MoodSad.swift in Sources */,
				46F432D72C5ABA6800C58890 /* AngryIntense.swift in Sources */,
				46F432BD2C5AB84800C58890 /* EnergizedPop.swift in Sources */,
				46F432E72C5ABC1E00C58890 /* ProductiveStudying.swift in Sources */,
				46F432DF2C5ABB7400C58890 /* AggressiveRap.swift in Sources */,
				46F432CB2C5AB95600C58890 /* DepressedSoft.swift in Sources */,
				46F432BF2C5AB87B00C58890 /* EnergizedRap.swift in Sources */,
				46F432ED2C5ABC8D00C58890 /* PlayfulSocializing.swift in Sources */,
				46F432EF2C5ABCB200C58890 /* PlayfulTraveling.swift in Sources */,
				46F432B92C5AB7F100C58890 /* MoodHappy.swift in Sources */,
				46F432B72C5AB7AB00C58890 /* UserMood.swift in Sources */,
				46F432C92C5AB92F00C58890 /* SadDepressed.swift in Sources */,
				46F432E52C5ABBF700C58890 /* EnergeticProductive.swift in Sources */,
				46F432CF2C5AB9B000C58890 /* SadReflective.swift in Sources */,
			);
			runOnlyForDeploymentPostprocessing = 0;
		};
/* End PBXSourcesBuildPhase section */

/* Begin XCBuildConfiguration section */
		A6489AD12C54138900A463B2 /* Debug */ = {
			isa = XCBuildConfiguration;
			buildSettings = {
				ALWAYS_SEARCH_USER_PATHS = NO;
				ASSETCATALOG_COMPILER_GENERATE_SWIFT_ASSET_SYMBOL_EXTENSIONS = YES;
				CLANG_ANALYZER_NONNULL = YES;
				CLANG_ANALYZER_NUMBER_OBJECT_CONVERSION = YES_AGGRESSIVE;
				CLANG_CXX_LANGUAGE_STANDARD = "gnu++20";
				CLANG_ENABLE_MODULES = YES;
				CLANG_ENABLE_OBJC_ARC = YES;
				CLANG_ENABLE_OBJC_WEAK = YES;
				CLANG_WARN_BLOCK_CAPTURE_AUTORELEASING = YES;
				CLANG_WARN_BOOL_CONVERSION = YES;
				CLANG_WARN_COMMA = YES;
				CLANG_WARN_CONSTANT_CONVERSION = YES;
				CLANG_WARN_DEPRECATED_OBJC_IMPLEMENTATIONS = YES;
				CLANG_WARN_DIRECT_OBJC_ISA_USAGE = YES_ERROR;
				CLANG_WARN_DOCUMENTATION_COMMENTS = YES;
				CLANG_WARN_EMPTY_BODY = YES;
				CLANG_WARN_ENUM_CONVERSION = YES;
				CLANG_WARN_INFINITE_RECURSION = YES;
				CLANG_WARN_INT_CONVERSION = YES;
				CLANG_WARN_NON_LITERAL_NULL_CONVERSION = YES;
				CLANG_WARN_OBJC_IMPLICIT_RETAIN_SELF = YES;
				CLANG_WARN_OBJC_LITERAL_CONVERSION = YES;
				CLANG_WARN_OBJC_ROOT_CLASS = YES_ERROR;
				CLANG_WARN_QUOTED_INCLUDE_IN_FRAMEWORK_HEADER = YES;
				CLANG_WARN_RANGE_LOOP_ANALYSIS = YES;
				CLANG_WARN_STRICT_PROTOTYPES = YES;
				CLANG_WARN_SUSPICIOUS_MOVE = YES;
				CLANG_WARN_UNGUARDED_AVAILABILITY = YES_AGGRESSIVE;
				CLANG_WARN_UNREACHABLE_CODE = YES;
				CLANG_WARN__DUPLICATE_METHOD_MATCH = YES;
				COPY_PHASE_STRIP = NO;
				DEBUG_INFORMATION_FORMAT = dwarf;
				ENABLE_STRICT_OBJC_MSGSEND = YES;
				ENABLE_TESTABILITY = YES;
				ENABLE_USER_SCRIPT_SANDBOXING = YES;
				GCC_C_LANGUAGE_STANDARD = gnu17;
				GCC_DYNAMIC_NO_PIC = NO;
				GCC_NO_COMMON_BLOCKS = YES;
				GCC_OPTIMIZATION_LEVEL = 0;
				GCC_PREPROCESSOR_DEFINITIONS = (
					"DEBUG=1",
					"$(inherited)",
				);
				GCC_WARN_64_TO_32_BIT_CONVERSION = YES;
				GCC_WARN_ABOUT_RETURN_TYPE = YES_ERROR;
				GCC_WARN_UNDECLARED_SELECTOR = YES;
				GCC_WARN_UNINITIALIZED_AUTOS = YES_AGGRESSIVE;
				GCC_WARN_UNUSED_FUNCTION = YES;
				GCC_WARN_UNUSED_VARIABLE = YES;
				IPHONEOS_DEPLOYMENT_TARGET = 17.5;
				LOCALIZATION_PREFERS_STRING_CATALOGS = YES;
				MTL_ENABLE_DEBUG_INFO = INCLUDE_SOURCE;
				MTL_FAST_MATH = YES;
				ONLY_ACTIVE_ARCH = YES;
				SDKROOT = iphoneos;
				SWIFT_ACTIVE_COMPILATION_CONDITIONS = "DEBUG $(inherited)";
				SWIFT_OPTIMIZATION_LEVEL = "-Onone";
			};
			name = Debug;
		};
		A6489AD22C54138900A463B2 /* Release */ = {
			isa = XCBuildConfiguration;
			buildSettings = {
				ALWAYS_SEARCH_USER_PATHS = NO;
				ASSETCATALOG_COMPILER_GENERATE_SWIFT_ASSET_SYMBOL_EXTENSIONS = YES;
				CLANG_ANALYZER_NONNULL = YES;
				CLANG_ANALYZER_NUMBER_OBJECT_CONVERSION = YES_AGGRESSIVE;
				CLANG_CXX_LANGUAGE_STANDARD = "gnu++20";
				CLANG_ENABLE_MODULES = YES;
				CLANG_ENABLE_OBJC_ARC = YES;
				CLANG_ENABLE_OBJC_WEAK = YES;
				CLANG_WARN_BLOCK_CAPTURE_AUTORELEASING = YES;
				CLANG_WARN_BOOL_CONVERSION = YES;
				CLANG_WARN_COMMA = YES;
				CLANG_WARN_CONSTANT_CONVERSION = YES;
				CLANG_WARN_DEPRECATED_OBJC_IMPLEMENTATIONS = YES;
				CLANG_WARN_DIRECT_OBJC_ISA_USAGE = YES_ERROR;
				CLANG_WARN_DOCUMENTATION_COMMENTS = YES;
				CLANG_WARN_EMPTY_BODY = YES;
				CLANG_WARN_ENUM_CONVERSION = YES;
				CLANG_WARN_INFINITE_RECURSION = YES;
				CLANG_WARN_INT_CONVERSION = YES;
				CLANG_WARN_NON_LITERAL_NULL_CONVERSION = YES;
				CLANG_WARN_OBJC_IMPLICIT_RETAIN_SELF = YES;
				CLANG_WARN_OBJC_LITERAL_CONVERSION = YES;
				CLANG_WARN_OBJC_ROOT_CLASS = YES_ERROR;
				CLANG_WARN_QUOTED_INCLUDE_IN_FRAMEWORK_HEADER = YES;
				CLANG_WARN_RANGE_LOOP_ANALYSIS = YES;
				CLANG_WARN_STRICT_PROTOTYPES = YES;
				CLANG_WARN_SUSPICIOUS_MOVE = YES;
				CLANG_WARN_UNGUARDED_AVAILABILITY = YES_AGGRESSIVE;
				CLANG_WARN_UNREACHABLE_CODE = YES;
				CLANG_WARN__DUPLICATE_METHOD_MATCH = YES;
				COPY_PHASE_STRIP = NO;
				DEBUG_INFORMATION_FORMAT = "dwarf-with-dsym";
				ENABLE_NS_ASSERTIONS = NO;
				ENABLE_STRICT_OBJC_MSGSEND = YES;
				ENABLE_USER_SCRIPT_SANDBOXING = YES;
				GCC_C_LANGUAGE_STANDARD = gnu17;
				GCC_NO_COMMON_BLOCKS = YES;
				GCC_WARN_64_TO_32_BIT_CONVERSION = YES;
				GCC_WARN_ABOUT_RETURN_TYPE = YES_ERROR;
				GCC_WARN_UNDECLARED_SELECTOR = YES;
				GCC_WARN_UNINITIALIZED_AUTOS = YES_AGGRESSIVE;
				GCC_WARN_UNUSED_FUNCTION = YES;
				GCC_WARN_UNUSED_VARIABLE = YES;
				IPHONEOS_DEPLOYMENT_TARGET = 17.5;
				LOCALIZATION_PREFERS_STRING_CATALOGS = YES;
				MTL_ENABLE_DEBUG_INFO = NO;
				MTL_FAST_MATH = YES;
				SDKROOT = iphoneos;
				SWIFT_COMPILATION_MODE = wholemodule;
				VALIDATE_PRODUCT = YES;
			};
			name = Release;
		};
		A6489AD42C54138900A463B2 /* Debug */ = {
			isa = XCBuildConfiguration;
			buildSettings = {
				ASSETCATALOG_COMPILER_APPICON_NAME = AppIcon;
				ASSETCATALOG_COMPILER_GLOBAL_ACCENT_COLOR_NAME = AccentColor;
				CODE_SIGN_STYLE = Automatic;
				CURRENT_PROJECT_VERSION = 1;
				DEVELOPMENT_ASSET_PATHS = "\"finalProject/Preview Content\"";
				DEVELOPMENT_TEAM = THUY72KDMY;
				ENABLE_PREVIEWS = YES;
				GENERATE_INFOPLIST_FILE = YES;
				INFOPLIST_KEY_UIApplicationSceneManifest_Generation = YES;
				INFOPLIST_KEY_UIApplicationSupportsIndirectInputEvents = YES;
				INFOPLIST_KEY_UILaunchScreen_Generation = YES;
				INFOPLIST_KEY_UISupportedInterfaceOrientations_iPad = "UIInterfaceOrientationPortrait UIInterfaceOrientationPortraitUpsideDown UIInterfaceOrientationLandscapeLeft UIInterfaceOrientationLandscapeRight";
				INFOPLIST_KEY_UISupportedInterfaceOrientations_iPhone = "UIInterfaceOrientationPortrait UIInterfaceOrientationLandscapeLeft UIInterfaceOrientationLandscapeRight";
				LD_RUNPATH_SEARCH_PATHS = (
					"$(inherited)",
					"@executable_path/Frameworks",
				);
				MARKETING_VERSION = 1.0;
				PRODUCT_BUNDLE_IDENTIFIER = kwk.finalProject;
				PRODUCT_NAME = "$(TARGET_NAME)";
				SWIFT_EMIT_LOC_STRINGS = YES;
				SWIFT_VERSION = 5.0;
				TARGETED_DEVICE_FAMILY = "1,2";
			};
			name = Debug;
		};
		A6489AD52C54138900A463B2 /* Release */ = {
			isa = XCBuildConfiguration;
			buildSettings = {
				ASSETCATALOG_COMPILER_APPICON_NAME = AppIcon;
				ASSETCATALOG_COMPILER_GLOBAL_ACCENT_COLOR_NAME = AccentColor;
				CODE_SIGN_STYLE = Automatic;
				CURRENT_PROJECT_VERSION = 1;
				DEVELOPMENT_ASSET_PATHS = "\"finalProject/Preview Content\"";
				DEVELOPMENT_TEAM = THUY72KDMY;
				ENABLE_PREVIEWS = YES;
				GENERATE_INFOPLIST_FILE = YES;
				INFOPLIST_KEY_UIApplicationSceneManifest_Generation = YES;
				INFOPLIST_KEY_UIApplicationSupportsIndirectInputEvents = YES;
				INFOPLIST_KEY_UILaunchScreen_Generation = YES;
				INFOPLIST_KEY_UISupportedInterfaceOrientations_iPad = "UIInterfaceOrientationPortrait UIInterfaceOrientationPortraitUpsideDown UIInterfaceOrientationLandscapeLeft UIInterfaceOrientationLandscapeRight";
				INFOPLIST_KEY_UISupportedInterfaceOrientations_iPhone = "UIInterfaceOrientationPortrait UIInterfaceOrientationLandscapeLeft UIInterfaceOrientationLandscapeRight";
				LD_RUNPATH_SEARCH_PATHS = (
					"$(inherited)",
					"@executable_path/Frameworks",
				);
				MARKETING_VERSION = 1.0;
				PRODUCT_BUNDLE_IDENTIFIER = kwk.finalProject;
				PRODUCT_NAME = "$(TARGET_NAME)";
				SWIFT_EMIT_LOC_STRINGS = YES;
				SWIFT_VERSION = 5.0;
				TARGETED_DEVICE_FAMILY = "1,2";
			};
			name = Release;
		};
/* End XCBuildConfiguration section */

/* Begin XCConfigurationList section */
		A6489AC02C54138800A463B2 /* Build configuration list for PBXProject "finalProject" */ = {
			isa = XCConfigurationList;
			buildConfigurations = (
				A6489AD12C54138900A463B2 /* Debug */,
				A6489AD22C54138900A463B2 /* Release */,
			);
			defaultConfigurationIsVisible = 0;
			defaultConfigurationName = Release;
		};
		A6489AD32C54138900A463B2 /* Build configuration list for PBXNativeTarget "finalProject" */ = {
			isa = XCConfigurationList;
			buildConfigurations = (
				A6489AD42C54138900A463B2 /* Debug */,
				A6489AD52C54138900A463B2 /* Release */,
			);
			defaultConfigurationIsVisible = 0;
			defaultConfigurationName = Release;
		};
/* End XCConfigurationList section */
	};
	rootObject = A6489ABD2C54138800A463B2 /* Project object */;
}
